
Microsoft Visual Studio Solution File, Format Version 12.00
# Visual Studio Version 16
VisualStudioVersion = 16.0.31424.327
MinimumVisualStudioVersion = 10.0.40219.1
Project("{9A19103F-16F7-4668-BE54-9A1E7A4F7556}") = "Yandex-Practicum-Algo", "Yandex-Practicum-Algo.csproj", "{6097CB63-FD09-4755-858B-1DB34449D272}"
EndProject
Global
	GlobalSection(SolutionConfigurationPlatforms) = preSolution
		Debug|Any CPU = Debug|Any CPU
		Release|Any CPU = Release|Any CPU
	EndGlobalSection
	GlobalSection(ProjectConfigurationPlatforms) = postSolution
		{6097CB63-FD09-4755-858B-1DB34449D272}.Debug|Any CPU.ActiveCfg = Debug|Any CPU
		{6097CB63-FD09-4755-858B-1DB34449D272}.Debug|Any CPU.Build.0 = Debug|Any CPU
		{6097CB63-FD09-4755-858B-1DB34449D272}.Release|Any CPU.ActiveCfg = Release|Any CPU
		{6097CB63-FD09-4755-858B-1DB34449D272}.Release|Any CPU.Build.0 = Release|Any CPU
	EndGlobalSection
	GlobalSection(SolutionProperties) = preSolution
		HideSolutionNode = FALSE
	EndGlobalSection
	GlobalSection(ExtensibilityGlobals) = postSolution
		SolutionGuid = {5FC6F20F-DCEA-4584-9370-A3687BEEB7E9}
	EndGlobalSection
EndGlobal
